<?xml version="1.0" encoding="utf-8"?>
<Project ToolsVersion="4.0" xmlns="http://schemas.microsoft.com/developer/msbuild/2003">
  <ItemGroup>
    <ClInclude Include="tinystr.h">
      <Filter>Header Files</Filter>
    </ClInclude>
    <ClInclude Include="tinyxml.h">
      <Filter>Header Files</Filter>
    </ClInclude>
    <ClInclude Include="c4encode.h">
      <Filter>Header Files</Filter>
    </ClInclude>
    <ClInclude Include="c4policy.h">
      <Filter>Header Files</Filter>
    </ClInclude>
    <ClInclude Include="c4segment.h">
      <Filter>Header Files</Filter>
    </ClInclude>
    <ClInclude Include="c4context.h">
      <Filter>Header Files</Filter>
    </ClInclude>
    <ClInclude Include="c4utils.h">
      <Filter>Header Files</Filter>
    </ClInclude>
  </ItemGroup>
  <ItemGroup>
    <ClCompile Include="tinystr.cpp">
      <Filter>Source Files</Filter>
    </ClCompile>
    <ClCompile Include="tinyxml.cpp">
      <Filter>Source Files</Filter>
    </ClCompile>
    <ClCompile Include="tinyxmlerror.cpp">
      <Filter>Source Files</Filter>
    </ClCompile>
    <ClCompile Include="tinyxmlparser.cpp">
      <Filter>Source Files</Filter>
    </ClCompile>
    <ClCompile Include="c4encode.cpp">
      <Filter>Source Files</Filter>
    </ClCompile>
    <ClCompile Include="c4policy.cpp">
      <Filter>Source Files</Filter>
    </ClCompile>
    <ClCompile Include="c4segment.cpp">
      <Filter>Source Files</Filter>
    </ClCompile>
    <ClCompile Include="c4context.cpp">
      <Filter>Source Files</Filter>
    </ClCompile>
  </ItemGroup>
  <ItemGroup>
    <Filter Include="Header Files">
      <UniqueIdentifier>{bfb973f4-639c-4753-a895-cfe3697abccf}</UniqueIdentifier>
    </Filter>
    <Filter Include="Source Files">
      <UniqueIdentifier>{e0e2e1bb-0b50-4a1a-86b5-10b48810d910}</UniqueIdentifier>
    </Filter>
  </ItemGroup>
</Project>